{
    "_meta": {
        "hash": {
            "sha256": "b76ecc3d2264f3548c8b22f74562b817cb4ca0a641c31360239d203a26ff4208"
        },
        "pipfile-spec": 6,
        "requires": {
            "python_version": "3.7"
        },
        "sources": [
            {
                "name": "pypi",
                "url": "https://pypi.org/simple",
                "verify_ssl": true
            }
        ]
    },
    "default": {
        "colorama": {
            "hashes": [
                "sha256:7d73d2a99753107a36ac6b455ee49046802e59d9d076ef8e47b61499fa29afff",
                "sha256:e96da0d330793e2cb9485e9ddfd918d456036c7149416295932478192f4436a1"
            ],
            "markers": "sys_platform == 'win32'",
            "version": "==0.4.3"
        },
        "loguru": {
            "hashes": [
                "sha256:70201d5fce26da89b7a5f168caa2bb674e06b969829f56737db1d6472e53e7c3",
                "sha256:e5d362a43cd2fc2da63551d79a6830619c4d5b3a8b976515748026f92f351b61"
            ],
            "index": "pypi",
            "version": "==0.5.1"
        },
        "py4j": {
            "hashes": [
                "sha256:36ec57f43ff8ced260a18aa9a4e46c3500a730cac8860e259cbaa546c2b9db2f",
                "sha256:859ba728a7bb43e9c2bf058832759fb97a598bb28cc12f34f5fc4abdec08ede6"
            ],
            "version": "==0.10.9"
        },
        "pyspark": {
            "hashes": [
                "sha256:8c6e5cc51d91eb8d43e81d0b7093292b5e144ac81445491d5f887d2cf4fe121f"
            ],
            "index": "pypi",
            "version": "==3.0.0"
        },
        "win32-setctime": {
            "hashes": [
                "sha256:568fd636c68350bcc54755213fe01966fe0a6c90b386c0776425944a0382abef",
                "sha256:b47e5023ec7f0b4962950902b15bc56464a380d869f59d27dbf9ab423b23e8f9"
            ],
            "markers": "sys_platform == 'win32'",
            "version": "==1.0.1"
        }
    },
    "develop": {}
}
